{
  "name": "@blinfo/bl-tailwind",
  "version": "1.0.47",
  "lockfileVersion": 1,
  "requires": true,
  "dependencies": {
    "@tailwindcss/custom-forms": {
      "version": "0.2.1",
      "resolved": "https://registry.npmjs.org/@tailwindcss/custom-forms/-/custom-forms-0.2.1.tgz",
      "integrity": "sha512-XdP5XY6kxo3x5o50mWUyoYWxOPV16baagLoZ5uM41gh6IhXzhz/vJYzqrTb/lN58maGIKlpkxgVsQUNSsbAS3Q==",
      "requires": {
        "lodash": "^4.17.11",
        "mini-svg-data-uri": "^1.0.3",
        "traverse": "^0.6.6"
      }
    },
    "lodash": {
      "version": "4.17.15",
      "resolved": "https://registry.npmjs.org/lodash/-/lodash-4.17.15.tgz",
      "integrity": "sha512-8xOcRHvCjnocdS5cpwXQXVzmmh5e5+saE2QGoeQmbKmRS6J3VQppPOIt0MnmE+4xlZoumy0GPG0D0MVIQbNA1A=="
    },
    "mini-svg-data-uri": {
      "version": "1.2.3",
      "resolved": "https://registry.npmjs.org/mini-svg-data-uri/-/mini-svg-data-uri-1.2.3.tgz",
      "integrity": "sha512-zd6KCAyXgmq6FV1mR10oKXYtvmA9vRoB6xPSTUJTbFApCtkefDnYueVR1gkof3KcdLZo1Y8mjF2DFmQMIxsHNQ=="
    },
    "traverse": {
      "version": "0.6.6",
      "resolved": "https://registry.npmjs.org/traverse/-/traverse-0.6.6.tgz",
      "integrity": "sha1-y99WD9e5r2MlAv7UD5GMFX6pcTc="
    }
  }
}
